<?xml version="1.0" encoding="utf-8"?>
<Project ToolsVersion="4.0" xmlns="http://schemas.microsoft.com/developer/msbuild/2003">
  <ItemGroup>
    <Filter Include="Source Files">
      <UniqueIdentifier>{4FC737F1-C7A5-4376-A066-2A32D752A2FF}</UniqueIdentifier>
      <Extensions>cpp;c;cc;cxx;def;odl;idl;hpj;bat;asm;asmx</Extensions>
    </Filter>
    <Filter Include="Header Files">
      <UniqueIdentifier>{93995380-89BD-4b04-88EB-625FBE52EBFB}</UniqueIdentifier>
      <Extensions>h;hh;hpp;hxx;hm;inl;inc;xsd</Extensions>
    </Filter>
    <Filter Include="Resource Files">
      <UniqueIdentifier>{67DA6AB6-F800-4c08-8B7A-83BB121AAD01}</UniqueIdentifier>
      <Extensions>rc;ico;cur;bmp;dlg;rc2;rct;bin;rgs;gif;jpg;jpeg;jpe;resx;tiff;tif;png;wav;mfcribbon-ms</Extensions>
    </Filter>
  </ItemGroup>
  <ItemGroup>
    <ClCompile Include="Source.cpp">
      <Filter>Source Files</Filter>
    </ClCompile>
    <ClCompile Include="Expression.cpp">
      <Filter>Source Files</Filter>
    </ClCompile>
    <ClCompile Include="Constante.cpp">
      <Filter>Source Files</Filter>
    </ClCompile>
    <ClCompile Include="Cos.cpp">
      <Filter>Source Files</Filter>
    </ClCompile>
    <ClCompile Include="Sin.cpp">
      <Filter>Source Files</Filter>
    </ClCompile>
    <ClCompile Include="Exponentielle.cpp">
      <Filter>Source Files</Filter>
    </ClCompile>
    <ClCompile Include="Somme.cpp">
      <Filter>Source Files</Filter>
    </ClCompile>
    <ClCompile Include="Difference.cpp">
      <Filter>Source Files</Filter>
    </ClCompile>
    <ClCompile Include="Produit.cpp">
      <Filter>Source Files</Filter>
    </ClCompile>
    <ClCompile Include="BinOp.cpp">
      <Filter>Source Files</Filter>
    </ClCompile>
    <ClCompile Include="Division.cpp">
      <Filter>Source Files</Filter>
    </ClCompile>
    <ClCompile Include="InferieurEgal.cpp">
      <Filter>Source Files</Filter>
    </ClCompile>
    <ClCompile Include="SuperieurEgal.cpp">
      <Filter>Source Files</Filter>
    </ClCompile>
    <ClCompile Include="Variable.cpp">
      <Filter>Source Files</Filter>
    </ClCompile>
    <ClCompile Include="Affectation.cpp">
      <Filter>Source Files</Filter>
    </ClCompile>
    <ClCompile Include="Conditionnel.cpp">
      <Filter>Source Files</Filter>
    </ClCompile>
    <ClCompile Include="IfThenElse.cpp">
      <Filter>Source Files</Filter>
    </ClCompile>
    <ClCompile Include="Pour.cpp">
      <Filter>Source Files</Filter>
    </ClCompile>
    <ClCompile Include="Superieur.cpp">
      <Filter>Source Files</Filter>
    </ClCompile>
    <ClCompile Include="Inferieur.cpp">
      <Filter>Source Files</Filter>
    </ClCompile>
    <ClCompile Include="Bloc.cpp">
      <Filter>Source Files</Filter>
    </ClCompile>
    <ClCompile Include="Polynome.cpp">
      <Filter>Source Files</Filter>
    </ClCompile>
    <ClCompile Include="UnaireOp.cpp">
      <Filter>Source Files</Filter>
    </ClCompile>
  </ItemGroup>
  <ItemGroup>
    <ClInclude Include="Expression.h">
      <Filter>Header Files</Filter>
    </ClInclude>
    <ClInclude Include="Constante.h">
      <Filter>Header Files</Filter>
    </ClInclude>
    <ClInclude Include="Cos.h">
      <Filter>Header Files</Filter>
    </ClInclude>
    <ClInclude Include="Sin.h">
      <Filter>Header Files</Filter>
    </ClInclude>
    <ClInclude Include="Exponentielle.h">
      <Filter>Header Files</Filter>
    </ClInclude>
    <ClInclude Include="Somme.h">
      <Filter>Header Files</Filter>
    </ClInclude>
    <ClInclude Include="Difference.h">
      <Filter>Header Files</Filter>
    </ClInclude>
    <ClInclude Include="Produit.h">
      <Filter>Header Files</Filter>
    </ClInclude>
    <ClInclude Include="BinOp.h">
      <Filter>Header Files</Filter>
    </ClInclude>
    <ClInclude Include="Division.h">
      <Filter>Header Files</Filter>
    </ClInclude>
    <ClInclude Include="InferieurEgal.h">
      <Filter>Header Files</Filter>
    </ClInclude>
    <ClInclude Include="SuperieurEgal.h">
      <Filter>Header Files</Filter>
    </ClInclude>
    <ClInclude Include="Variable.h">
      <Filter>Header Files</Filter>
    </ClInclude>
    <ClInclude Include="Affectation.h">
      <Filter>Header Files</Filter>
    </ClInclude>
    <ClInclude Include="Conditionnel.h">
      <Filter>Header Files</Filter>
    </ClInclude>
    <ClInclude Include="IfThenElse.h">
      <Filter>Header Files</Filter>
    </ClInclude>
    <ClInclude Include="Pour.h">
      <Filter>Header Files</Filter>
    </ClInclude>
    <ClInclude Include="Superieur.h">
      <Filter>Header Files</Filter>
    </ClInclude>
    <ClInclude Include="Inferieur.h">
      <Filter>Header Files</Filter>
    </ClInclude>
    <ClInclude Include="Bloc.h">
      <Filter>Header Files</Filter>
    </ClInclude>
    <ClInclude Include="Polynome.h">
      <Filter>Header Files</Filter>
    </ClInclude>
    <ClInclude Include="resource.h">
      <Filter>Header Files</Filter>
    </ClInclude>
    <ClInclude Include="TypeEnum.h">
      <Filter>Header Files</Filter>
    </ClInclude>
    <ClInclude Include="UnaireOp.h">
      <Filter>Header Files</Filter>
    </ClInclude>
  </ItemGroup>
  <ItemGroup>
    <None Include="ClassDiagram.cd" />
    <None Include="ClassDiagram1.cd" />
  </ItemGroup>
  <ItemGroup>
    <ResourceCompile Include="ConsoleApplication1.rc">
      <Filter>Resource Files</Filter>
    </ResourceCompile>
  </ItemGroup>
</Project>